
Microsoft Visual Studio Solution File, Format Version 12.00
# Visual Studio Version 16
VisualStudioVersion = 16.0.35425.106
MinimumVisualStudioVersion = 10.0.40219.1
Project("{8BC9CEB8-8B4A-11D0-8D11-00A0C91BC942}") = "osg_qt_work", "osg_qt_work\osg_qt_work.vcxproj", "{9ECAE5A8-2CD8-4D3E-A801-B807AE6F87A4}"
EndProject
Global
	GlobalSection(SolutionConfigurationPlatforms) = preSolution
		Debug|x64 = Debug|x64
		Release|x64 = Release|x64
	EndGlobalSection
	GlobalSection(ProjectConfigurationPlatforms) = postSolution
		{9ECAE5A8-2CD8-4D3E-A801-B807AE6F87A4}.Debug|x64.ActiveCfg = Debug|x64
		{9ECAE5A8-2CD8-4D3E-A801-B807AE6F87A4}.Debug|x64.Build.0 = Debug|x64
		{9ECAE5A8-2CD8-4D3E-A801-B807AE6F87A4}.Release|x64.ActiveCfg = Release|x64
		{9ECAE5A8-2CD8-4D3E-A801-B807AE6F87A4}.Release|x64.Build.0 = Release|x64
	EndGlobalSection
	GlobalSection(SolutionProperties) = preSolution
		HideSolutionNode = FALSE
	EndGlobalSection
	GlobalSection(ExtensibilityGlobals) = postSolution
		SolutionGuid = {26D77539-9470-4A93-9E04-C53EC647E817}
	EndGlobalSection
EndGlobal
